
Microsoft Visual Studio Solution File, Format Version 12.00
# Visual Studio Version 17
VisualStudioVersion = 17.11.34929.205
MinimumVisualStudioVersion = 10.0.40219.1
Project("{FAE04EC0-301F-11D3-BF4B-00C04F79EFBC}") = "RateLimiting", "RateLimiting.csproj", "{018B0482-2BB4-4CEA-9B30-E0976485C821}"
EndProject
Global
	GlobalSection(SolutionConfigurationPlatforms) = preSolution
		Debug|Any CPU = Debug|Any CPU
		Release|Any CPU = Release|Any CPU
	EndGlobalSection
	GlobalSection(ProjectConfigurationPlatforms) = postSolution
		{018B0482-2BB4-4CEA-9B30-E0976485C821}.Debug|Any CPU.ActiveCfg = Debug|Any CPU
		{018B0482-2BB4-4CEA-9B30-E0976485C821}.Debug|Any CPU.Build.0 = Debug|Any CPU
		{018B0482-2BB4-4CEA-9B30-E0976485C821}.Release|Any CPU.ActiveCfg = Release|Any CPU
		{018B0482-2BB4-4CEA-9B30-E0976485C821}.Release|Any CPU.Build.0 = Release|Any CPU
	EndGlobalSection
	GlobalSection(SolutionProperties) = preSolution
		HideSolutionNode = FALSE
	EndGlobalSection
	GlobalSection(ExtensibilityGlobals) = postSolution
		SolutionGuid = {7AAAF93B-A7BC-4821-9037-CB37E36E581E}
	EndGlobalSection
EndGlobal
